
Microsoft Visual Studio Solution File, Format Version 12.00
# Visual Studio Version 16
VisualStudioVersion = 25.0.1706.8
MinimumVisualStudioVersion = 10.0.40219.1
Project("{2150E333-8FDC-42A3-9474-1A3956D46DE8}") = "Core", "Core", "{22321A4A-6091-43EC-A11F-A54157FD0A40}"
EndProject
Project("{2150E333-8FDC-42A3-9474-1A3956D46DE8}") = "Infrastructure", "Infrastructure", "{18F10283-182E-4E00-B58B-0B5874F1F9C6}"
EndProject
Project("{2150E333-8FDC-42A3-9474-1A3956D46DE8}") = "Presentation", "Presentation", "{483C8554-E956-4A9C-B362-BE222CF1535A}"
EndProject
Project("{2150E333-8FDC-42A3-9474-1A3956D46DE8}") = "Tests", "Tests", "{F0D07E30-2300-4384-ACDC-9E3295086C2A}"
EndProject
Project("{FAE04EC0-301F-11D3-BF4B-00C04F79EFBC}") = "Workers.Domain", "Workers.Domain\Workers.Domain.csproj", "{61CEBE66-B1CA-4408-B2FC-A3235412BB91}"
EndProject
Project("{FAE04EC0-301F-11D3-BF4B-00C04F79EFBC}") = "Workers.Application", "Workers.Domain\Workers.Application\Workers.Application.csproj", "{996907AC-8B28-4558-8FF8-8A64F88D2D6A}"
EndProject
Project("{FAE04EC0-301F-11D3-BF4B-00C04F79EFBC}") = "Workers.Persistance", "Workers.Persistance\Workers.Persistance.csproj", "{AA2E82CB-4D25-41C1-834D-B53E0F67102C}"
EndProject
Project("{FAE04EC0-301F-11D3-BF4B-00C04F79EFBC}") = "Workers.WebApi", "Workers.WebApi\Workers.WebApi.csproj", "{879D40D8-8C5A-4EA7-BA61-EACC8398271A}"
EndProject
Global
	GlobalSection(SolutionConfigurationPlatforms) = preSolution
		Debug|Any CPU = Debug|Any CPU
		Release|Any CPU = Release|Any CPU
	EndGlobalSection
	GlobalSection(ProjectConfigurationPlatforms) = postSolution
		{61CEBE66-B1CA-4408-B2FC-A3235412BB91}.Debug|Any CPU.ActiveCfg = Debug|Any CPU
		{61CEBE66-B1CA-4408-B2FC-A3235412BB91}.Debug|Any CPU.Build.0 = Debug|Any CPU
		{61CEBE66-B1CA-4408-B2FC-A3235412BB91}.Release|Any CPU.ActiveCfg = Release|Any CPU
		{61CEBE66-B1CA-4408-B2FC-A3235412BB91}.Release|Any CPU.Build.0 = Release|Any CPU
		{996907AC-8B28-4558-8FF8-8A64F88D2D6A}.Debug|Any CPU.ActiveCfg = Debug|Any CPU
		{996907AC-8B28-4558-8FF8-8A64F88D2D6A}.Debug|Any CPU.Build.0 = Debug|Any CPU
		{996907AC-8B28-4558-8FF8-8A64F88D2D6A}.Release|Any CPU.ActiveCfg = Release|Any CPU
		{996907AC-8B28-4558-8FF8-8A64F88D2D6A}.Release|Any CPU.Build.0 = Release|Any CPU
		{AA2E82CB-4D25-41C1-834D-B53E0F67102C}.Debug|Any CPU.ActiveCfg = Debug|Any CPU
		{AA2E82CB-4D25-41C1-834D-B53E0F67102C}.Debug|Any CPU.Build.0 = Debug|Any CPU
		{AA2E82CB-4D25-41C1-834D-B53E0F67102C}.Release|Any CPU.ActiveCfg = Release|Any CPU
		{AA2E82CB-4D25-41C1-834D-B53E0F67102C}.Release|Any CPU.Build.0 = Release|Any CPU
		{879D40D8-8C5A-4EA7-BA61-EACC8398271A}.Debug|Any CPU.ActiveCfg = Debug|Any CPU
		{879D40D8-8C5A-4EA7-BA61-EACC8398271A}.Debug|Any CPU.Build.0 = Debug|Any CPU
		{879D40D8-8C5A-4EA7-BA61-EACC8398271A}.Release|Any CPU.ActiveCfg = Release|Any CPU
		{879D40D8-8C5A-4EA7-BA61-EACC8398271A}.Release|Any CPU.Build.0 = Release|Any CPU
	EndGlobalSection
	GlobalSection(SolutionProperties) = preSolution
		HideSolutionNode = FALSE
	EndGlobalSection
	GlobalSection(ExtensibilityGlobals) = postSolution
		SolutionGuid = {807F6BED-D479-4665-8CE4-0712F7AFD9D2}
	EndGlobalSection
	GlobalSection(NestedProjects) = preSolution
		{61CEBE66-B1CA-4408-B2FC-A3235412BB91} = {22321A4A-6091-43EC-A11F-A54157FD0A40}
		{996907AC-8B28-4558-8FF8-8A64F88D2D6A} = {22321A4A-6091-43EC-A11F-A54157FD0A40}
		{AA2E82CB-4D25-41C1-834D-B53E0F67102C} = {18F10283-182E-4E00-B58B-0B5874F1F9C6}
		{879D40D8-8C5A-4EA7-BA61-EACC8398271A} = {483C8554-E956-4A9C-B362-BE222CF1535A}
	EndGlobalSection
EndGlobal
